// !$*UTF8*$!
{
	archiveVersion = 1;
	classes = {
	};
	objectVersion = 46;
	objects = {

/* Begin PBXBuildFile section */
		E35CCDF01B8364DE00530AA5 /* FoursquareAPI.m in Sources */ = {isa = PBXBuildFile; fileRef = E35CCDEF1B8364DE00530AA5 /* FoursquareAPI.m */; };
		E35CCDF31B83662200530AA5 /* Constants.m in Sources */ = {isa = PBXBuildFile; fileRef = E35CCDF21B83662200530AA5 /* Constants.m */; };
		E35CCDF61B837F3900530AA5 /* MapBaseModel.m in Sources */ = {isa = PBXBuildFile; fileRef = E35CCDF51B837F3900530AA5 /* MapBaseModel.m */; };
		E37195E11B83230F00EE69CF /* CoreLocation.framework in Frameworks */ = {isa = PBXBuildFile; fileRef = E37195E01B83230F00EE69CF /* CoreLocation.framework */; };
		E37195E51B8326DD00EE69CF /* MapViewModel.m in Sources */ = {isa = PBXBuildFile; fileRef = E37195E41B8326DD00EE69CF /* MapViewModel.m */; };
		E37195E91B83302800EE69CF /* QueryAnnotation.m in Sources */ = {isa = PBXBuildFile; fileRef = E37195E81B83302800EE69CF /* QueryAnnotation.m */; };
		E395C8331B84370B00A2EB2F /* PlaceAnnotation.m in Sources */ = {isa = PBXBuildFile; fileRef = E395C8321B84370B00A2EB2F /* PlaceAnnotation.m */; };
		E3B13C611B86308A006947CC /* GoogleplaceAPI.m in Sources */ = {isa = PBXBuildFile; fileRef = E3B13C601B86308A006947CC /* GoogleplaceAPI.m */; };
		E3F3281E1B8226010090F8E8 /* main.m in Sources */ = {isa = PBXBuildFile; fileRef = E3F3281D1B8226010090F8E8 /* main.m */; };
		E3F328211B8226010090F8E8 /* AppDelegate.m in Sources */ = {isa = PBXBuildFile; fileRef = E3F328201B8226010090F8E8 /* AppDelegate.m */; };
		E3F328241B8226010090F8E8 /* TouristChecker.xcdatamodeld in Sources */ = {isa = PBXBuildFile; fileRef = E3F328221B8226010090F8E8 /* TouristChecker.xcdatamodeld */; };
		E3F328271B8226010090F8E8 /* ViewController.m in Sources */ = {isa = PBXBuildFile; fileRef = E3F328261B8226010090F8E8 /* ViewController.m */; };
		E3F3282A1B8226010090F8E8 /* Main.storyboard in Resources */ = {isa = PBXBuildFile; fileRef = E3F328281B8226010090F8E8 /* Main.storyboard */; };
		E3F3282C1B8226010090F8E8 /* Images.xcassets in Resources */ = {isa = PBXBuildFile; fileRef = E3F3282B1B8226010090F8E8 /* Images.xcassets */; };
		E3F3282F1B8226010090F8E8 /* LaunchScreen.xib in Resources */ = {isa = PBXBuildFile; fileRef = E3F3282D1B8226010090F8E8 /* LaunchScreen.xib */; };
		E3F3283B1B8226010090F8E8 /* TouristCheckerTests.m in Sources */ = {isa = PBXBuildFile; fileRef = E3F3283A1B8226010090F8E8 /* TouristCheckerTests.m */; };
		E3F328451B8230A80090F8E8 /* MapKit.framework in Frameworks */ = {isa = PBXBuildFile; fileRef = E3F328441B8230A80090F8E8 /* MapKit.framework */; };
		E3FF3E8E1B86DE7C006AC15F /* NSMutableURLRequest+Parameters.m in Sources */ = {isa = PBXBuildFile; fileRef = E3FF3E6A1B86DE7C006AC15F /* NSMutableURLRequest+Parameters.m */; settings = {COMPILER_FLAGS = "-fno-objc-arc"; }; };
		E3FF3E8F1B86DE7C006AC15F /* NSString+URLEncoding.m in Sources */ = {isa = PBXBuildFile; fileRef = E3FF3E6C1B86DE7C006AC15F /* NSString+URLEncoding.m */; settings = {COMPILER_FLAGS = "-fno-objc-arc"; }; };
		E3FF3E901B86DE7C006AC15F /* NSURL+Base.m in Sources */ = {isa = PBXBuildFile; fileRef = E3FF3E6E1B86DE7C006AC15F /* NSURL+Base.m */; settings = {COMPILER_FLAGS = "-fno-objc-arc"; }; };
		E3FF3E911B86DE7C006AC15F /* Base64Transcoder.c in Sources */ = {isa = PBXBuildFile; fileRef = E3FF3E701B86DE7C006AC15F /* Base64Transcoder.c */; settings = {COMPILER_FLAGS = "-fno-objc-arc"; }; };
		E3FF3E921B86DE7C006AC15F /* hmac.c in Sources */ = {isa = PBXBuildFile; fileRef = E3FF3E721B86DE7C006AC15F /* hmac.c */; settings = {COMPILER_FLAGS = "-fno-objc-arc"; }; };
		E3FF3E931B86DE7C006AC15F /* sha1.c in Sources */ = {isa = PBXBuildFile; fileRef = E3FF3E741B86DE7C006AC15F /* sha1.c */; };
		E3FF3E941B86DE7C006AC15F /* OACall.m in Sources */ = {isa = PBXBuildFile; fileRef = E3FF3E771B86DE7C006AC15F /* OACall.m */; settings = {COMPILER_FLAGS = "-fno-objc-arc"; }; };
		E3FF3E951B86DE7C006AC15F /* OAConsumer.m in Sources */ = {isa = PBXBuildFile; fileRef = E3FF3E791B86DE7C006AC15F /* OAConsumer.m */; settings = {COMPILER_FLAGS = "-fno-objc-arc"; }; };
		E3FF3E961B86DE7C006AC15F /* OADataFetcher.m in Sources */ = {isa = PBXBuildFile; fileRef = E3FF3E7B1B86DE7C006AC15F /* OADataFetcher.m */; settings = {COMPILER_FLAGS = "-fno-objc-arc"; }; };
		E3FF3E971B86DE7C006AC15F /* OAHMAC_SHA1SignatureProvider.m in Sources */ = {isa = PBXBuildFile; fileRef = E3FF3E7D1B86DE7C006AC15F /* OAHMAC_SHA1SignatureProvider.m */; settings = {COMPILER_FLAGS = "-fno-objc-arc"; }; };
		E3FF3E981B86DE7C006AC15F /* OAMutableURLRequest.m in Sources */ = {isa = PBXBuildFile; fileRef = E3FF3E7F1B86DE7C006AC15F /* OAMutableURLRequest.m */; settings = {COMPILER_FLAGS = "-fno-objc-arc"; }; };
		E3FF3E991B86DE7C006AC15F /* OAPlaintextSignatureProvider.m in Sources */ = {isa = PBXBuildFile; fileRef = E3FF3E811B86DE7C006AC15F /* OAPlaintextSignatureProvider.m */; settings = {COMPILER_FLAGS = "-fno-objc-arc"; }; };
		E3FF3E9A1B86DE7C006AC15F /* OAProblem.m in Sources */ = {isa = PBXBuildFile; fileRef = E3FF3E831B86DE7C006AC15F /* OAProblem.m */; settings = {COMPILER_FLAGS = "-fno-objc-arc"; }; };
		E3FF3E9B1B86DE7C006AC15F /* OARequestParameter.m in Sources */ = {isa = PBXBuildFile; fileRef = E3FF3E851B86DE7C006AC15F /* OARequestParameter.m */; settings = {COMPILER_FLAGS = "-fno-objc-arc"; }; };
		E3FF3E9C1B86DE7C006AC15F /* OAServiceTicket.m in Sources */ = {isa = PBXBuildFile; fileRef = E3FF3E871B86DE7C006AC15F /* OAServiceTicket.m */; settings = {COMPILER_FLAGS = "-fno-objc-arc"; }; };
		E3FF3E9D1B86DE7C006AC15F /* OAToken.m in Sources */ = {isa = PBXBuildFile; fileRef = E3FF3E8A1B86DE7C006AC15F /* OAToken.m */; settings = {COMPILER_FLAGS = "-fno-objc-arc"; }; };
		E3FF3E9E1B86DE7C006AC15F /* OATokenManager.m in Sources */ = {isa = PBXBuildFile; fileRef = E3FF3E8C1B86DE7C006AC15F /* OATokenManager.m */; settings = {COMPILER_FLAGS = "-fno-objc-arc"; }; };
		E3FF3EA11B86E06E006AC15F /* YelpAPI.m in Sources */ = {isa = PBXBuildFile; fileRef = E3FF3EA01B86E06E006AC15F /* YelpAPI.m */; };
		E3FF3EA41B86E124006AC15F /* NSURLRequest+OAuth.m in Sources */ = {isa = PBXBuildFile; fileRef = E3FF3EA31B86E124006AC15F /* NSURLRequest+OAuth.m */; };
		F29C51A6F251392463E655DB /* libPods-TouristChecker.a in Frameworks */ = {isa = PBXBuildFile; fileRef = 3A1F067E5D09D125D7B6F8F4 /* libPods-TouristChecker.a */; };
/* End PBXBuildFile section */

/* Begin PBXContainerItemProxy section */
		E3F328351B8226010090F8E8 /* PBXContainerItemProxy */ = {
			isa = PBXContainerItemProxy;
			containerPortal = E3F328101B8226010090F8E8 /* Project object */;
			proxyType = 1;
			remoteGlobalIDString = E3F328171B8226010090F8E8;
			remoteInfo = TouristChecker;
		};
/* End PBXContainerItemProxy section */

/* Begin PBXFileReference section */
		3A1F067E5D09D125D7B6F8F4 /* libPods-TouristChecker.a */ = {isa = PBXFileReference; explicitFileType = archive.ar; includeInIndex = 0; path = "libPods-TouristChecker.a"; sourceTree = BUILT_PRODUCTS_DIR; };
		CC2910688AD7F6298DFED89B /* Pods-TouristChecker.debug.xcconfig */ = {isa = PBXFileReference; includeInIndex = 1; lastKnownFileType = text.xcconfig; name = "Pods-TouristChecker.debug.xcconfig"; path = "Pods/Target Support Files/Pods-TouristChecker/Pods-TouristChecker.debug.xcconfig"; sourceTree = "<group>"; };
		E35CCDEE1B8364DE00530AA5 /* FoursquareAPI.h */ = {isa = PBXFileReference; fileEncoding = 4; lastKnownFileType = sourcecode.c.h; name = FoursquareAPI.h; path = API/FoursquareAPI.h; sourceTree = "<group>"; };
		E35CCDEF1B8364DE00530AA5 /* FoursquareAPI.m */ = {isa = PBXFileReference; fileEncoding = 4; lastKnownFileType = sourcecode.c.objc; name = FoursquareAPI.m; path = API/FoursquareAPI.m; sourceTree = "<group>"; };
		E35CCDF11B83662200530AA5 /* Constants.h */ = {isa = PBXFileReference; fileEncoding = 4; lastKnownFileType = sourcecode.c.h; path = Constants.h; sourceTree = "<group>"; };
		E35CCDF21B83662200530AA5 /* Constants.m */ = {isa = PBXFileReference; fileEncoding = 4; lastKnownFileType = sourcecode.c.objc; path = Constants.m; sourceTree = "<group>"; };
		E35CCDF41B837F3900530AA5 /* MapBaseModel.h */ = {isa = PBXFileReference; fileEncoding = 4; lastKnownFileType = sourcecode.c.h; name = MapBaseModel.h; path = Model/MapBaseModel.h; sourceTree = "<group>"; };
		E35CCDF51B837F3900530AA5 /* MapBaseModel.m */ = {isa = PBXFileReference; fileEncoding = 4; lastKnownFileType = sourcecode.c.objc; name = MapBaseModel.m; path = Model/MapBaseModel.m; sourceTree = "<group>"; };
		E37195E01B83230F00EE69CF /* CoreLocation.framework */ = {isa = PBXFileReference; lastKnownFileType = wrapper.framework; name = CoreLocation.framework; path = System/Library/Frameworks/CoreLocation.framework; sourceTree = SDKROOT; };
		E37195E31B8326DD00EE69CF /* MapViewModel.h */ = {isa = PBXFileReference; fileEncoding = 4; lastKnownFileType = sourcecode.c.h; name = MapViewModel.h; path = ViewModel/MapViewModel.h; sourceTree = "<group>"; };
		E37195E41B8326DD00EE69CF /* MapViewModel.m */ = {isa = PBXFileReference; fileEncoding = 4; lastKnownFileType = sourcecode.c.objc; name = MapViewModel.m; path = ViewModel/MapViewModel.m; sourceTree = "<group>"; };
		E37195E71B83302800EE69CF /* QueryAnnotation.h */ = {isa = PBXFileReference; fileEncoding = 4; lastKnownFileType = sourcecode.c.h; name = QueryAnnotation.h; path = Model/QueryAnnotation.h; sourceTree = "<group>"; };
		E37195E81B83302800EE69CF /* QueryAnnotation.m */ = {isa = PBXFileReference; fileEncoding = 4; lastKnownFileType = sourcecode.c.objc; name = QueryAnnotation.m; path = Model/QueryAnnotation.m; sourceTree = "<group>"; };
		E395C8311B84370B00A2EB2F /* PlaceAnnotation.h */ = {isa = PBXFileReference; fileEncoding = 4; lastKnownFileType = sourcecode.c.h; name = PlaceAnnotation.h; path = Model/PlaceAnnotation.h; sourceTree = "<group>"; };
		E395C8321B84370B00A2EB2F /* PlaceAnnotation.m */ = {isa = PBXFileReference; fileEncoding = 4; lastKnownFileType = sourcecode.c.objc; name = PlaceAnnotation.m; path = Model/PlaceAnnotation.m; sourceTree = "<group>"; };
		E3B13C5F1B86308A006947CC /* GoogleplaceAPI.h */ = {isa = PBXFileReference; fileEncoding = 4; lastKnownFileType = sourcecode.c.h; name = GoogleplaceAPI.h; path = API/GoogleplaceAPI.h; sourceTree = "<group>"; };
		E3B13C601B86308A006947CC /* GoogleplaceAPI.m */ = {isa = PBXFileReference; fileEncoding = 4; lastKnownFileType = sourcecode.c.objc; name = GoogleplaceAPI.m; path = API/GoogleplaceAPI.m; sourceTree = "<group>"; };
		E3F328181B8226010090F8E8 /* TouristChecker.app */ = {isa = PBXFileReference; explicitFileType = wrapper.application; includeInIndex = 0; path = TouristChecker.app; sourceTree = BUILT_PRODUCTS_DIR; };
		E3F3281C1B8226010090F8E8 /* Info.plist */ = {isa = PBXFileReference; lastKnownFileType = text.plist.xml; path = Info.plist; sourceTree = "<group>"; };
		E3F3281D1B8226010090F8E8 /* main.m */ = {isa = PBXFileReference; lastKnownFileType = sourcecode.c.objc; path = main.m; sourceTree = "<group>"; };
		E3F3281F1B8226010090F8E8 /* AppDelegate.h */ = {isa = PBXFileReference; lastKnownFileType = sourcecode.c.h; path = AppDelegate.h; sourceTree = "<group>"; };
		E3F328201B8226010090F8E8 /* AppDelegate.m */ = {isa = PBXFileReference; lastKnownFileType = sourcecode.c.objc; path = AppDelegate.m; sourceTree = "<group>"; };
		E3F328231B8226010090F8E8 /* TouristChecker.xcdatamodel */ = {isa = PBXFileReference; lastKnownFileType = wrapper.xcdatamodel; path = TouristChecker.xcdatamodel; sourceTree = "<group>"; };
		E3F328251B8226010090F8E8 /* ViewController.h */ = {isa = PBXFileReference; lastKnownFileType = sourcecode.c.h; path = ViewController.h; sourceTree = "<group>"; };
		E3F328261B8226010090F8E8 /* ViewController.m */ = {isa = PBXFileReference; lastKnownFileType = sourcecode.c.objc; path = ViewController.m; sourceTree = "<group>"; };
		E3F328291B8226010090F8E8 /* Base */ = {isa = PBXFileReference; lastKnownFileType = file.storyboard; name = Base; path = Base.lproj/Main.storyboard; sourceTree = "<group>"; };
		E3F3282B1B8226010090F8E8 /* Images.xcassets */ = {isa = PBXFileReference; lastKnownFileType = folder.assetcatalog; path = Images.xcassets; sourceTree = "<group>"; };
		E3F3282E1B8226010090F8E8 /* Base */ = {isa = PBXFileReference; lastKnownFileType = file.xib; name = Base; path = Base.lproj/LaunchScreen.xib; sourceTree = "<group>"; };
		E3F328341B8226010090F8E8 /* TouristCheckerTests.xctest */ = {isa = PBXFileReference; explicitFileType = wrapper.cfbundle; includeInIndex = 0; path = TouristCheckerTests.xctest; sourceTree = BUILT_PRODUCTS_DIR; };
		E3F328391B8226010090F8E8 /* Info.plist */ = {isa = PBXFileReference; lastKnownFileType = text.plist.xml; path = Info.plist; sourceTree = "<group>"; };
		E3F3283A1B8226010090F8E8 /* TouristCheckerTests.m */ = {isa = PBXFileReference; lastKnownFileType = sourcecode.c.objc; path = TouristCheckerTests.m; sourceTree = "<group>"; };
		E3F328441B8230A80090F8E8 /* MapKit.framework */ = {isa = PBXFileReference; lastKnownFileType = wrapper.framework; name = MapKit.framework; path = System/Library/Frameworks/MapKit.framework; sourceTree = SDKROOT; };
		E3FF3E691B86DE7C006AC15F /* NSMutableURLRequest+Parameters.h */ = {isa = PBXFileReference; fileEncoding = 4; lastKnownFileType = sourcecode.c.h; path = "NSMutableURLRequest+Parameters.h"; sourceTree = "<group>"; };
		E3FF3E6A1B86DE7C006AC15F /* NSMutableURLRequest+Parameters.m */ = {isa = PBXFileReference; fileEncoding = 4; lastKnownFileType = sourcecode.c.objc; path = "NSMutableURLRequest+Parameters.m"; sourceTree = "<group>"; };
		E3FF3E6B1B86DE7C006AC15F /* NSString+URLEncoding.h */ = {isa = PBXFileReference; fileEncoding = 4; lastKnownFileType = sourcecode.c.h; path = "NSString+URLEncoding.h"; sourceTree = "<group>"; };
		E3FF3E6C1B86DE7C006AC15F /* NSString+URLEncoding.m */ = {isa = PBXFileReference; fileEncoding = 4; lastKnownFileType = sourcecode.c.objc; path = "NSString+URLEncoding.m"; sourceTree = "<group>"; };
		E3FF3E6D1B86DE7C006AC15F /* NSURL+Base.h */ = {isa = PBXFileReference; fileEncoding = 4; lastKnownFileType = sourcecode.c.h; path = "NSURL+Base.h"; sourceTree = "<group>"; };
		E3FF3E6E1B86DE7C006AC15F /* NSURL+Base.m */ = {isa = PBXFileReference; fileEncoding = 4; lastKnownFileType = sourcecode.c.objc; path = "NSURL+Base.m"; sourceTree = "<group>"; };
		E3FF3E701B86DE7C006AC15F /* Base64Transcoder.c */ = {isa = PBXFileReference; fileEncoding = 4; lastKnownFileType = sourcecode.c.c; path = Base64Transcoder.c; sourceTree = "<group>"; };
		E3FF3E711B86DE7C006AC15F /* Base64Transcoder.h */ = {isa = PBXFileReference; fileEncoding = 4; lastKnownFileType = sourcecode.c.h; path = Base64Transcoder.h; sourceTree = "<group>"; };
		E3FF3E721B86DE7C006AC15F /* hmac.c */ = {isa = PBXFileReference; fileEncoding = 4; lastKnownFileType = sourcecode.c.c; path = hmac.c; sourceTree = "<group>"; };
		E3FF3E731B86DE7C006AC15F /* hmac.h */ = {isa = PBXFileReference; fileEncoding = 4; lastKnownFileType = sourcecode.c.h; path = hmac.h; sourceTree = "<group>"; };
		E3FF3E741B86DE7C006AC15F /* sha1.c */ = {isa = PBXFileReference; fileEncoding = 4; lastKnownFileType = sourcecode.c.c; path = sha1.c; sourceTree = "<group>"; };
		E3FF3E751B86DE7C006AC15F /* sha1.h */ = {isa = PBXFileReference; fileEncoding = 4; lastKnownFileType = sourcecode.c.h; path = sha1.h; sourceTree = "<group>"; };
		E3FF3E761B86DE7C006AC15F /* OACall.h */ = {isa = PBXFileReference; fileEncoding = 4; lastKnownFileType = sourcecode.c.h; path = OACall.h; sourceTree = "<group>"; };
		E3FF3E771B86DE7C006AC15F /* OACall.m */ = {isa = PBXFileReference; fileEncoding = 4; lastKnownFileType = sourcecode.c.objc; path = OACall.m; sourceTree = "<group>"; };
		E3FF3E781B86DE7C006AC15F /* OAConsumer.h */ = {isa = PBXFileReference; fileEncoding = 4; lastKnownFileType = sourcecode.c.h; path = OAConsumer.h; sourceTree = "<group>"; };
		E3FF3E791B86DE7C006AC15F /* OAConsumer.m */ = {isa = PBXFileReference; fileEncoding = 4; lastKnownFileType = sourcecode.c.objc; path = OAConsumer.m; sourceTree = "<group>"; };
		E3FF3E7A1B86DE7C006AC15F /* OADataFetcher.h */ = {isa = PBXFileReference; fileEncoding = 4; lastKnownFileType = sourcecode.c.h; path = OADataFetcher.h; sourceTree = "<group>"; };
		E3FF3E7B1B86DE7C006AC15F /* OADataFetcher.m */ = {isa = PBXFileReference; fileEncoding = 4; lastKnownFileType = sourcecode.c.objc; path = OADataFetcher.m; sourceTree = "<group>"; };
		E3FF3E7C1B86DE7C006AC15F /* OAHMAC_SHA1SignatureProvider.h */ = {isa = PBXFileReference; fileEncoding = 4; lastKnownFileType = sourcecode.c.h; path = OAHMAC_SHA1SignatureProvider.h; sourceTree = "<group>"; };
		E3FF3E7D1B86DE7C006AC15F /* OAHMAC_SHA1SignatureProvider.m */ = {isa = PBXFileReference; fileEncoding = 4; lastKnownFileType = sourcecode.c.objc; path = OAHMAC_SHA1SignatureProvider.m; sourceTree = "<group>"; };
		E3FF3E7E1B86DE7C006AC15F /* OAMutableURLRequest.h */ = {isa = PBXFileReference; fileEncoding = 4; lastKnownFileType = sourcecode.c.h; path = OAMutableURLRequest.h; sourceTree = "<group>"; };
		E3FF3E7F1B86DE7C006AC15F /* OAMutableURLRequest.m */ = {isa = PBXFileReference; fileEncoding = 4; lastKnownFileType = sourcecode.c.objc; path = OAMutableURLRequest.m; sourceTree = "<group>"; };
		E3FF3E801B86DE7C006AC15F /* OAPlaintextSignatureProvider.h */ = {isa = PBXFileReference; fileEncoding = 4; lastKnownFileType = sourcecode.c.h; path = OAPlaintextSignatureProvider.h; sourceTree = "<group>"; };
		E3FF3E811B86DE7C006AC15F /* OAPlaintextSignatureProvider.m */ = {isa = PBXFileReference; fileEncoding = 4; lastKnownFileType = sourcecode.c.objc; path = OAPlaintextSignatureProvider.m; sourceTree = "<group>"; };
		E3FF3E821B86DE7C006AC15F /* OAProblem.h */ = {isa = PBXFileReference; fileEncoding = 4; lastKnownFileType = sourcecode.c.h; path = OAProblem.h; sourceTree = "<group>"; };
		E3FF3E831B86DE7C006AC15F /* OAProblem.m */ = {isa = PBXFileReference; fileEncoding = 4; lastKnownFileType = sourcecode.c.objc; path = OAProblem.m; sourceTree = "<group>"; };
		E3FF3E841B86DE7C006AC15F /* OARequestParameter.h */ = {isa = PBXFileReference; fileEncoding = 4; lastKnownFileType = sourcecode.c.h; path = OARequestParameter.h; sourceTree = "<group>"; };
		E3FF3E851B86DE7C006AC15F /* OARequestParameter.m */ = {isa = PBXFileReference; fileEncoding = 4; lastKnownFileType = sourcecode.c.objc; path = OARequestParameter.m; sourceTree = "<group>"; };
		E3FF3E861B86DE7C006AC15F /* OAServiceTicket.h */ = {isa = PBXFileReference; fileEncoding = 4; lastKnownFileType = sourcecode.c.h; path = OAServiceTicket.h; sourceTree = "<group>"; };
		E3FF3E871B86DE7C006AC15F /* OAServiceTicket.m */ = {isa = PBXFileReference; fileEncoding = 4; lastKnownFileType = sourcecode.c.objc; path = OAServiceTicket.m; sourceTree = "<group>"; };
		E3FF3E881B86DE7C006AC15F /* OASignatureProviding.h */ = {isa = PBXFileReference; fileEncoding = 4; lastKnownFileType = sourcecode.c.h; path = OASignatureProviding.h; sourceTree = "<group>"; };
		E3FF3E891B86DE7C006AC15F /* OAToken.h */ = {isa = PBXFileReference; fileEncoding = 4; lastKnownFileType = sourcecode.c.h; path = OAToken.h; sourceTree = "<group>"; };
		E3FF3E8A1B86DE7C006AC15F /* OAToken.m */ = {isa = PBXFileReference; fileEncoding = 4; lastKnownFileType = sourcecode.c.objc; path = OAToken.m; sourceTree = "<group>"; };
		E3FF3E8B1B86DE7C006AC15F /* OATokenManager.h */ = {isa = PBXFileReference; fileEncoding = 4; lastKnownFileType = sourcecode.c.h; path = OATokenManager.h; sourceTree = "<group>"; };
		E3FF3E8C1B86DE7C006AC15F /* OATokenManager.m */ = {isa = PBXFileReference; fileEncoding = 4; lastKnownFileType = sourcecode.c.objc; path = OATokenManager.m; sourceTree = "<group>"; };
		E3FF3E8D1B86DE7C006AC15F /* OAuthConsumer.h */ = {isa = PBXFileReference; fileEncoding = 4; lastKnownFileType = sourcecode.c.h; path = OAuthConsumer.h; sourceTree = "<group>"; };
		E3FF3E9F1B86E06E006AC15F /* YelpAPI.h */ = {isa = PBXFileReference; fileEncoding = 4; lastKnownFileType = sourcecode.c.h; name = YelpAPI.h; path = API/YelpAPI.h; sourceTree = "<group>"; };
		E3FF3EA01B86E06E006AC15F /* YelpAPI.m */ = {isa = PBXFileReference; fileEncoding = 4; lastKnownFileType = sourcecode.c.objc; name = YelpAPI.m; path = API/YelpAPI.m; sourceTree = "<group>"; };
		E3FF3EA21B86E124006AC15F /* NSURLRequest+OAuth.h */ = {isa = PBXFileReference; fileEncoding = 4; lastKnownFileType = sourcecode.c.h; name = "NSURLRequest+OAuth.h"; path = "Library/NSURLRequest+OAuth.h"; sourceTree = "<group>"; };
		E3FF3EA31B86E124006AC15F /* NSURLRequest+OAuth.m */ = {isa = PBXFileReference; fileEncoding = 4; lastKnownFileType = sourcecode.c.objc; name = "NSURLRequest+OAuth.m"; path = "Library/NSURLRequest+OAuth.m"; sourceTree = "<group>"; };
		F41F2422183A13B4CF7FC38B /* Pods-TouristChecker.release.xcconfig */ = {isa = PBXFileReference; includeInIndex = 1; lastKnownFileType = text.xcconfig; name = "Pods-TouristChecker.release.xcconfig"; path = "Pods/Target Support Files/Pods-TouristChecker/Pods-TouristChecker.release.xcconfig"; sourceTree = "<group>"; };
/* End PBXFileReference section */

/* Begin PBXFrameworksBuildPhase section */
		E3F328151B8226010090F8E8 /* Frameworks */ = {
			isa = PBXFrameworksBuildPhase;
			buildActionMask = 2147483647;
			files = (
				E37195E11B83230F00EE69CF /* CoreLocation.framework in Frameworks */,
				E3F328451B8230A80090F8E8 /* MapKit.framework in Frameworks */,
				F29C51A6F251392463E655DB /* libPods-TouristChecker.a in Frameworks */,
			);
			runOnlyForDeploymentPostprocessing = 0;
		};
		E3F328311B8226010090F8E8 /* Frameworks */ = {
			isa = PBXFrameworksBuildPhase;
			buildActionMask = 2147483647;
			files = (
			);
			runOnlyForDeploymentPostprocessing = 0;
		};
/* End PBXFrameworksBuildPhase section */

/* Begin PBXGroup section */
		A6A3C4375AADFC3528CBFF0D /* Pods */ = {
			isa = PBXGroup;
			children = (
				CC2910688AD7F6298DFED89B /* Pods-TouristChecker.debug.xcconfig */,
				F41F2422183A13B4CF7FC38B /* Pods-TouristChecker.release.xcconfig */,
			);
			name = Pods;
			sourceTree = "<group>";
		};
		E35CCDED1B8364C700530AA5 /* API */ = {
			isa = PBXGroup;
			children = (
				E35CCDEE1B8364DE00530AA5 /* FoursquareAPI.h */,
				E35CCDEF1B8364DE00530AA5 /* FoursquareAPI.m */,
				E3B13C5F1B86308A006947CC /* GoogleplaceAPI.h */,
				E3B13C601B86308A006947CC /* GoogleplaceAPI.m */,
				E3FF3E9F1B86E06E006AC15F /* YelpAPI.h */,
				E3FF3EA01B86E06E006AC15F /* YelpAPI.m */,
			);
			name = API;
			sourceTree = "<group>";
		};
		E37195E21B8326B500EE69CF /* ViewModel */ = {
			isa = PBXGroup;
			children = (
				E37195E31B8326DD00EE69CF /* MapViewModel.h */,
				E37195E41B8326DD00EE69CF /* MapViewModel.m */,
			);
			name = ViewModel;
			sourceTree = "<group>";
		};
		E37195E61B83301500EE69CF /* Model */ = {
			isa = PBXGroup;
			children = (
				E395C8311B84370B00A2EB2F /* PlaceAnnotation.h */,
				E395C8321B84370B00A2EB2F /* PlaceAnnotation.m */,
				E37195E71B83302800EE69CF /* QueryAnnotation.h */,
				E37195E81B83302800EE69CF /* QueryAnnotation.m */,
				E35CCDF41B837F3900530AA5 /* MapBaseModel.h */,
				E35CCDF51B837F3900530AA5 /* MapBaseModel.m */,
			);
			name = Model;
			sourceTree = "<group>";
		};
		E3F3280F1B8226010090F8E8 = {
			isa = PBXGroup;
			children = (
				E3F3281A1B8226010090F8E8 /* TouristChecker */,
				E3F328371B8226010090F8E8 /* TouristCheckerTests */,
				E3F328191B8226010090F8E8 /* Products */,
				E3F328461B8230B50090F8E8 /* Frameworks */,
				A6A3C4375AADFC3528CBFF0D /* Pods */,
			);
			sourceTree = "<group>";
		};
		E3F328191B8226010090F8E8 /* Products */ = {
			isa = PBXGroup;
			children = (
				E3F328181B8226010090F8E8 /* TouristChecker.app */,
				E3F328341B8226010090F8E8 /* TouristCheckerTests.xctest */,
			);
			name = Products;
			sourceTree = "<group>";
		};
		E3F3281A1B8226010090F8E8 /* TouristChecker */ = {
			isa = PBXGroup;
			children = (
				E3FF3E661B86DE64006AC15F /* Library */,
				E35CCDED1B8364C700530AA5 /* API */,
				E37195E61B83301500EE69CF /* Model */,
				E37195E21B8326B500EE69CF /* ViewModel */,
				E3F3281F1B8226010090F8E8 /* AppDelegate.h */,
				E3F328201B8226010090F8E8 /* AppDelegate.m */,
				E3F328251B8226010090F8E8 /* ViewController.h */,
				E3F328261B8226010090F8E8 /* ViewController.m */,
				E3F328281B8226010090F8E8 /* Main.storyboard */,
				E3F3282B1B8226010090F8E8 /* Images.xcassets */,
				E3F3282D1B8226010090F8E8 /* LaunchScreen.xib */,
				E3F328221B8226010090F8E8 /* TouristChecker.xcdatamodeld */,
				E3F3281B1B8226010090F8E8 /* Supporting Files */,
			);
			path = TouristChecker;
			sourceTree = "<group>";
		};
		E3F3281B1B8226010090F8E8 /* Supporting Files */ = {
			isa = PBXGroup;
			children = (
				E3F3281C1B8226010090F8E8 /* Info.plist */,
				E3F3281D1B8226010090F8E8 /* main.m */,
				E35CCDF11B83662200530AA5 /* Constants.h */,
				E35CCDF21B83662200530AA5 /* Constants.m */,
			);
			name = "Supporting Files";
			sourceTree = "<group>";
		};
		E3F328371B8226010090F8E8 /* TouristCheckerTests */ = {
			isa = PBXGroup;
			children = (
				E3F3283A1B8226010090F8E8 /* TouristCheckerTests.m */,
				E3F328381B8226010090F8E8 /* Supporting Files */,
			);
			path = TouristCheckerTests;
			sourceTree = "<group>";
		};
		E3F328381B8226010090F8E8 /* Supporting Files */ = {
			isa = PBXGroup;
			children = (
				E3F328391B8226010090F8E8 /* Info.plist */,
			);
			name = "Supporting Files";
			sourceTree = "<group>";
		};
		E3F328461B8230B50090F8E8 /* Frameworks */ = {
			isa = PBXGroup;
			children = (
				E37195E01B83230F00EE69CF /* CoreLocation.framework */,
				E3F328441B8230A80090F8E8 /* MapKit.framework */,
				3A1F067E5D09D125D7B6F8F4 /* libPods-TouristChecker.a */,
			);
			name = Frameworks;
			sourceTree = "<group>";
		};
		E3FF3E661B86DE64006AC15F /* Library */ = {
			isa = PBXGroup;
			children = (
				E3FF3EA21B86E124006AC15F /* NSURLRequest+OAuth.h */,
				E3FF3EA31B86E124006AC15F /* NSURLRequest+OAuth.m */,
				E3FF3E671B86DE7C006AC15F /* OAuthConsumer */,
			);
			name = Library;
			sourceTree = "<group>";
		};
		E3FF3E671B86DE7C006AC15F /* OAuthConsumer */ = {
			isa = PBXGroup;
			children = (
				E3FF3E681B86DE7C006AC15F /* Categories */,
				E3FF3E6F1B86DE7C006AC15F /* Crytpo */,
				E3FF3E761B86DE7C006AC15F /* OACall.h */,
				E3FF3E771B86DE7C006AC15F /* OACall.m */,
				E3FF3E781B86DE7C006AC15F /* OAConsumer.h */,
				E3FF3E791B86DE7C006AC15F /* OAConsumer.m */,
				E3FF3E7A1B86DE7C006AC15F /* OADataFetcher.h */,
				E3FF3E7B1B86DE7C006AC15F /* OADataFetcher.m */,
				E3FF3E7C1B86DE7C006AC15F /* OAHMAC_SHA1SignatureProvider.h */,
				E3FF3E7D1B86DE7C006AC15F /* OAHMAC_SHA1SignatureProvider.m */,
				E3FF3E7E1B86DE7C006AC15F /* OAMutableURLRequest.h */,
				E3FF3E7F1B86DE7C006AC15F /* OAMutableURLRequest.m */,
				E3FF3E801B86DE7C006AC15F /* OAPlaintextSignatureProvider.h */,
				E3FF3E811B86DE7C006AC15F /* OAPlaintextSignatureProvider.m */,
				E3FF3E821B86DE7C006AC15F /* OAProblem.h */,
				E3FF3E831B86DE7C006AC15F /* OAProblem.m */,
				E3FF3E841B86DE7C006AC15F /* OARequestParameter.h */,
				E3FF3E851B86DE7C006AC15F /* OARequestParameter.m */,
				E3FF3E861B86DE7C006AC15F /* OAServiceTicket.h */,
				E3FF3E871B86DE7C006AC15F /* OAServiceTicket.m */,
				E3FF3E881B86DE7C006AC15F /* OASignatureProviding.h */,
				E3FF3E891B86DE7C006AC15F /* OAToken.h */,
				E3FF3E8A1B86DE7C006AC15F /* OAToken.m */,
				E3FF3E8B1B86DE7C006AC15F /* OATokenManager.h */,
				E3FF3E8C1B86DE7C006AC15F /* OATokenManager.m */,
				E3FF3E8D1B86DE7C006AC15F /* OAuthConsumer.h */,
			);
			name = OAuthConsumer;
			path = Library/OAuthConsumer;
			sourceTree = "<group>";
		};
		E3FF3E681B86DE7C006AC15F /* Categories */ = {
			isa = PBXGroup;
			children = (
				E3FF3E691B86DE7C006AC15F /* NSMutableURLRequest+Parameters.h */,
				E3FF3E6A1B86DE7C006AC15F /* NSMutableURLRequest+Parameters.m */,
				E3FF3E6B1B86DE7C006AC15F /* NSString+URLEncoding.h */,
				E3FF3E6C1B86DE7C006AC15F /* NSString+URLEncoding.m */,
				E3FF3E6D1B86DE7C006AC15F /* NSURL+Base.h */,
				E3FF3E6E1B86DE7C006AC15F /* NSURL+Base.m */,
			);
			path = Categories;
			sourceTree = "<group>";
		};
		E3FF3E6F1B86DE7C006AC15F /* Crytpo */ = {
			isa = PBXGroup;
			children = (
				E3FF3E701B86DE7C006AC15F /* Base64Transcoder.c */,
				E3FF3E711B86DE7C006AC15F /* Base64Transcoder.h */,
				E3FF3E721B86DE7C006AC15F /* hmac.c */,
				E3FF3E731B86DE7C006AC15F /* hmac.h */,
				E3FF3E741B86DE7C006AC15F /* sha1.c */,
				E3FF3E751B86DE7C006AC15F /* sha1.h */,
			);
			path = Crytpo;
			sourceTree = "<group>";
		};
/* End PBXGroup section */

/* Begin PBXNativeTarget section */
		E3F328171B8226010090F8E8 /* TouristChecker */ = {
			isa = PBXNativeTarget;
			buildConfigurationList = E3F3283E1B8226010090F8E8 /* Build configuration list for PBXNativeTarget "TouristChecker" */;
			buildPhases = (
				EAB9F1D55B389767B5D6D44A /* Check Pods Manifest.lock */,
				E3F328141B8226010090F8E8 /* Sources */,
				E3F328151B8226010090F8E8 /* Frameworks */,
				E3F328161B8226010090F8E8 /* Resources */,
				AD42FEA2A007668AE1FB8EB6 /* Copy Pods Resources */,
			);
			buildRules = (
			);
			dependencies = (
			);
			name = TouristChecker;
			productName = TouristChecker;
			productReference = E3F328181B8226010090F8E8 /* TouristChecker.app */;
			productType = "com.apple.product-type.application";
		};
		E3F328331B8226010090F8E8 /* TouristCheckerTests */ = {
			isa = PBXNativeTarget;
			buildConfigurationList = E3F328411B8226010090F8E8 /* Build configuration list for PBXNativeTarget "TouristCheckerTests" */;
			buildPhases = (
				E3F328301B8226010090F8E8 /* Sources */,
				E3F328311B8226010090F8E8 /* Frameworks */,
				E3F328321B8226010090F8E8 /* Resources */,
			);
			buildRules = (
			);
			dependencies = (
				E3F328361B8226010090F8E8 /* PBXTargetDependency */,
			);
			name = TouristCheckerTests;
			productName = TouristCheckerTests;
			productReference = E3F328341B8226010090F8E8 /* TouristCheckerTests.xctest */;
			productType = "com.apple.product-type.bundle.unit-test";
		};
/* End PBXNativeTarget section */

/* Begin PBXProject section */
		E3F328101B8226010090F8E8 /* Project object */ = {
			isa = PBXProject;
			attributes = {
				LastUpgradeCheck = 0640;
				ORGANIZATIONNAME = "Wane Wang";
				TargetAttributes = {
					E3F328171B8226010090F8E8 = {
						CreatedOnToolsVersion = 6.4;
						DevelopmentTeam = 4VW4B88277;
					};
					E3F328331B8226010090F8E8 = {
						CreatedOnToolsVersion = 6.4;
						TestTargetID = E3F328171B8226010090F8E8;
					};
				};
			};
			buildConfigurationList = E3F328131B8226010090F8E8 /* Build configuration list for PBXProject "TouristChecker" */;
			compatibilityVersion = "Xcode 3.2";
			developmentRegion = English;
			hasScannedForEncodings = 0;
			knownRegions = (
				en,
				Base,
			);
			mainGroup = E3F3280F1B8226010090F8E8;
			productRefGroup = E3F328191B8226010090F8E8 /* Products */;
			projectDirPath = "";
			projectRoot = "";
			targets = (
				E3F328171B8226010090F8E8 /* TouristChecker */,
				E3F328331B8226010090F8E8 /* TouristCheckerTests */,
			);
		};
/* End PBXProject section */

/* Begin PBXResourcesBuildPhase section */
		E3F328161B8226010090F8E8 /* Resources */ = {
			isa = PBXResourcesBuildPhase;
			buildActionMask = 2147483647;
			files = (
				E3F3282A1B8226010090F8E8 /* Main.storyboard in Resources */,
				E3F3282F1B8226010090F8E8 /* LaunchScreen.xib in Resources */,
				E3F3282C1B8226010090F8E8 /* Images.xcassets in Resources */,
			);
			runOnlyForDeploymentPostprocessing = 0;
		};
		E3F328321B8226010090F8E8 /* Resources */ = {
			isa = PBXResourcesBuildPhase;
			buildActionMask = 2147483647;
			files = (
			);
			runOnlyForDeploymentPostprocessing = 0;
		};
/* End PBXResourcesBuildPhase section */

/* Begin PBXShellScriptBuildPhase section */
		AD42FEA2A007668AE1FB8EB6 /* Copy Pods Resources */ = {
			isa = PBXShellScriptBuildPhase;
			buildActionMask = 2147483647;
			files = (
			);
			inputPaths = (
			);
			name = "Copy Pods Resources";
			outputPaths = (
			);
			runOnlyForDeploymentPostprocessing = 0;
			shellPath = /bin/sh;
			shellScript = "\"${SRCROOT}/Pods/Target Support Files/Pods-TouristChecker/Pods-TouristChecker-resources.sh\"\n";
			showEnvVarsInLog = 0;
		};
		EAB9F1D55B389767B5D6D44A /* Check Pods Manifest.lock */ = {
			isa = PBXShellScriptBuildPhase;
			buildActionMask = 2147483647;
			files = (
			);
			inputPaths = (
			);
			name = "Check Pods Manifest.lock";
			outputPaths = (
			);
			runOnlyForDeploymentPostprocessing = 0;
			shellPath = /bin/sh;
			shellScript = "diff \"${PODS_ROOT}/../Podfile.lock\" \"${PODS_ROOT}/Manifest.lock\" > /dev/null\nif [[ $? != 0 ]] ; then\n    cat << EOM\nerror: The sandbox is not in sync with the Podfile.lock. Run 'pod install' or update your CocoaPods installation.\nEOM\n    exit 1\nfi\n";
			showEnvVarsInLog = 0;
		};
/* End PBXShellScriptBuildPhase section */

/* Begin PBXSourcesBuildPhase section */
		E3F328141B8226010090F8E8 /* Sources */ = {
			isa = PBXSourcesBuildPhase;
			buildActionMask = 2147483647;
			files = (
				E3FF3E921B86DE7C006AC15F /* hmac.c in Sources */,
				E3F328241B8226010090F8E8 /* TouristChecker.xcdatamodeld in Sources */,
				E37195E91B83302800EE69CF /* QueryAnnotation.m in Sources */,
				E3FF3E931B86DE7C006AC15F /* sha1.c in Sources */,
				E35CCDF61B837F3900530AA5 /* MapBaseModel.m in Sources */,
				E3FF3E951B86DE7C006AC15F /* OAConsumer.m in Sources */,
				E3FF3E991B86DE7C006AC15F /* OAPlaintextSignatureProvider.m in Sources */,
				E3FF3E981B86DE7C006AC15F /* OAMutableURLRequest.m in Sources */,
				E3FF3E941B86DE7C006AC15F /* OACall.m in Sources */,
				E3F328211B8226010090F8E8 /* AppDelegate.m in Sources */,
				E3FF3E971B86DE7C006AC15F /* OAHMAC_SHA1SignatureProvider.m in Sources */,
				E35CCDF31B83662200530AA5 /* Constants.m in Sources */,
				E3FF3E961B86DE7C006AC15F /* OADataFetcher.m in Sources */,
				E3FF3E9C1B86DE7C006AC15F /* OAServiceTicket.m in Sources */,
				E3B13C611B86308A006947CC /* GoogleplaceAPI.m in Sources */,
				E3F328271B8226010090F8E8 /* ViewController.m in Sources */,
				E3FF3E901B86DE7C006AC15F /* NSURL+Base.m in Sources */,
				E35CCDF01B8364DE00530AA5 /* FoursquareAPI.m in Sources */,
				E37195E51B8326DD00EE69CF /* MapViewModel.m in Sources */,
				E395C8331B84370B00A2EB2F /* PlaceAnnotation.m in Sources */,
				E3FF3E9B1B86DE7C006AC15F /* OARequestParameter.m in Sources */,
				E3FF3E9D1B86DE7C006AC15F /* OAToken.m in Sources */,
				E3FF3E8F1B86DE7C006AC15F /* NSString+URLEncoding.m in Sources */,
				E3FF3E8E1B86DE7C006AC15F /* NSMutableURLRequest+Parameters.m in Sources */,
				E3FF3EA11B86E06E006AC15F /* YelpAPI.m in Sources */,
				E3FF3E911B86DE7C006AC15F /* Base64Transcoder.c in Sources */,
				E3F3281E1B8226010090F8E8 /* main.m in Sources */,
				E3FF3E9A1B86DE7C006AC15F /* OAProblem.m in Sources */,
				E3FF3EA41B86E124006AC15F /* NSURLRequest+OAuth.m in Sources */,
				E3FF3E9E1B86DE7C006AC15F /* OATokenManager.m in Sources */,
			);
			runOnlyForDeploymentPostprocessing = 0;
		};
		E3F328301B8226010090F8E8 /* Sources */ = {
			isa = PBXSourcesBuildPhase;
			buildActionMask = 2147483647;
			files = (
				E3F3283B1B8226010090F8E8 /* TouristCheckerTests.m in Sources */,
			);
			runOnlyForDeploymentPostprocessing = 0;
		};
/* End PBXSourcesBuildPhase section */

/* Begin PBXTargetDependency section */
		E3F328361B8226010090F8E8 /* PBXTargetDependency */ = {
			isa = PBXTargetDependency;
			target = E3F328171B8226010090F8E8 /* TouristChecker */;
			targetProxy = E3F328351B8226010090F8E8 /* PBXContainerItemProxy */;
		};
/* End PBXTargetDependency section */

/* Begin PBXVariantGroup section */
		E3F328281B8226010090F8E8 /* Main.storyboard */ = {
			isa = PBXVariantGroup;
			children = (
				E3F328291B8226010090F8E8 /* Base */,
			);
			name = Main.storyboard;
			sourceTree = "<group>";
		};
		E3F3282D1B8226010090F8E8 /* LaunchScreen.xib */ = {
			isa = PBXVariantGroup;
			children = (
				E3F3282E1B8226010090F8E8 /* Base */,
			);
			name = LaunchScreen.xib;
			sourceTree = "<group>";
		};
/* End PBXVariantGroup section */

/* Begin XCBuildConfiguration section */
		E3F3283C1B8226010090F8E8 /* Debug */ = {
			isa = XCBuildConfiguration;
			buildSettings = {
				ALWAYS_SEARCH_USER_PATHS = NO;
				CLANG_CXX_LANGUAGE_STANDARD = "gnu++0x";
				CLANG_CXX_LIBRARY = "libc++";
				CLANG_ENABLE_MODULES = YES;
				CLANG_ENABLE_OBJC_ARC = YES;
				CLANG_WARN_BOOL_CONVERSION = YES;
				CLANG_WARN_CONSTANT_CONVERSION = YES;
				CLANG_WARN_DIRECT_OBJC_ISA_USAGE = YES_ERROR;
				CLANG_WARN_EMPTY_BODY = YES;
				CLANG_WARN_ENUM_CONVERSION = YES;
				CLANG_WARN_INT_CONVERSION = YES;
				CLANG_WARN_OBJC_ROOT_CLASS = YES_ERROR;
				CLANG_WARN_UNREACHABLE_CODE = YES;
				CLANG_WARN__DUPLICATE_METHOD_MATCH = YES;
				"CODE_SIGN_IDENTITY[sdk=iphoneos*]" = "iPhone Developer";
				COPY_PHASE_STRIP = NO;
				DEBUG_INFORMATION_FORMAT = "dwarf-with-dsym";
				ENABLE_STRICT_OBJC_MSGSEND = YES;
				GCC_C_LANGUAGE_STANDARD = gnu99;
				GCC_DYNAMIC_NO_PIC = NO;
				GCC_NO_COMMON_BLOCKS = YES;
				GCC_OPTIMIZATION_LEVEL = 0;
				GCC_PREPROCESSOR_DEFINITIONS = (
					"DEBUG=1",
					"$(inherited)",
				);
				GCC_SYMBOLS_PRIVATE_EXTERN = NO;
				GCC_WARN_64_TO_32_BIT_CONVERSION = YES;
				GCC_WARN_ABOUT_RETURN_TYPE = YES_ERROR;
				GCC_WARN_UNDECLARED_SELECTOR = YES;
				GCC_WARN_UNINITIALIZED_AUTOS = YES_AGGRESSIVE;
				GCC_WARN_UNUSED_FUNCTION = YES;
				GCC_WARN_UNUSED_VARIABLE = YES;
				IPHONEOS_DEPLOYMENT_TARGET = 8.4;
				MTL_ENABLE_DEBUG_INFO = YES;
				ONLY_ACTIVE_ARCH = YES;
				SDKROOT = iphoneos;
			};
			name = Debug;
		};
		E3F3283D1B8226010090F8E8 /* Release */ = {
			isa = XCBuildConfiguration;
			buildSettings = {
				ALWAYS_SEARCH_USER_PATHS = NO;
				CLANG_CXX_LANGUAGE_STANDARD = "gnu++0x";
				CLANG_CXX_LIBRARY = "libc++";
				CLANG_ENABLE_MODULES = YES;
				CLANG_ENABLE_OBJC_ARC = YES;
				CLANG_WARN_BOOL_CONVERSION = YES;
				CLANG_WARN_CONSTANT_CONVERSION = YES;
				CLANG_WARN_DIRECT_OBJC_ISA_USAGE = YES_ERROR;
				CLANG_WARN_EMPTY_BODY = YES;
				CLANG_WARN_ENUM_CONVERSION = YES;
				CLANG_WARN_INT_CONVERSION = YES;
				CLANG_WARN_OBJC_ROOT_CLASS = YES_ERROR;
				CLANG_WARN_UNREACHABLE_CODE = YES;
				CLANG_WARN__DUPLICATE_METHOD_MATCH = YES;
				"CODE_SIGN_IDENTITY[sdk=iphoneos*]" = "iPhone Developer";
				COPY_PHASE_STRIP = NO;
				DEBUG_INFORMATION_FORMAT = "dwarf-with-dsym";
				ENABLE_NS_ASSERTIONS = NO;
				ENABLE_STRICT_OBJC_MSGSEND = YES;
				GCC_C_LANGUAGE_STANDARD = gnu99;
				GCC_NO_COMMON_BLOCKS = YES;
				GCC_WARN_64_TO_32_BIT_CONVERSION = YES;
				GCC_WARN_ABOUT_RETURN_TYPE = YES_ERROR;
				GCC_WARN_UNDECLARED_SELECTOR = YES;
				GCC_WARN_UNINITIALIZED_AUTOS = YES_AGGRESSIVE;
				GCC_WARN_UNUSED_FUNCTION = YES;
				GCC_WARN_UNUSED_VARIABLE = YES;
				IPHONEOS_DEPLOYMENT_TARGET = 8.4;
				MTL_ENABLE_DEBUG_INFO = NO;
				SDKROOT = iphoneos;
				VALIDATE_PRODUCT = YES;
			};
			name = Release;
		};
		E3F3283F1B8226010090F8E8 /* Debug */ = {
			isa = XCBuildConfiguration;
			baseConfigurationReference = CC2910688AD7F6298DFED89B /* Pods-TouristChecker.debug.xcconfig */;
			buildSettings = {
				ASSETCATALOG_COMPILER_APPICON_NAME = AppIcon;
				CODE_SIGN_IDENTITY = "iPhone Developer";
				INFOPLIST_FILE = TouristChecker/Info.plist;
				IPHONEOS_DEPLOYMENT_TARGET = 8.0;
				LD_RUNPATH_SEARCH_PATHS = "$(inherited) @executable_path/Frameworks";
				PRODUCT_NAME = "$(TARGET_NAME)";
			};
			name = Debug;
		};
		E3F328401B8226010090F8E8 /* Release */ = {
			isa = XCBuildConfiguration;
			baseConfigurationReference = F41F2422183A13B4CF7FC38B /* Pods-TouristChecker.release.xcconfig */;
			buildSettings = {
				ASSETCATALOG_COMPILER_APPICON_NAME = AppIcon;
				CODE_SIGN_IDENTITY = "iPhone Developer";
				INFOPLIST_FILE = TouristChecker/Info.plist;
				IPHONEOS_DEPLOYMENT_TARGET = 8.0;
				LD_RUNPATH_SEARCH_PATHS = "$(inherited) @executable_path/Frameworks";
				PRODUCT_NAME = "$(TARGET_NAME)";
			};
			name = Release;
		};
		E3F328421B8226010090F8E8 /* Debug */ = {
			isa = XCBuildConfiguration;
			buildSettings = {
				BUNDLE_LOADER = "$(TEST_HOST)";
				FRAMEWORK_SEARCH_PATHS = (
					"$(SDKROOT)/Developer/Library/Frameworks",
					"$(inherited)",
				);
				GCC_PREPROCESSOR_DEFINITIONS = (
					"DEBUG=1",
					"$(inherited)",
				);
				INFOPLIST_FILE = TouristCheckerTests/Info.plist;
				LD_RUNPATH_SEARCH_PATHS = "$(inherited) @executable_path/Frameworks @loader_path/Frameworks";
				PRODUCT_NAME = "$(TARGET_NAME)";
				TEST_HOST = "$(BUILT_PRODUCTS_DIR)/TouristChecker.app/TouristChecker";
			};
			name = Debug;
		};
		E3F328431B8226010090F8E8 /* Release */ = {
			isa = XCBuildConfiguration;
			buildSettings = {
				BUNDLE_LOADER = "$(TEST_HOST)";
				FRAMEWORK_SEARCH_PATHS = (
					"$(SDKROOT)/Developer/Library/Frameworks",
					"$(inherited)",
				);
				INFOPLIST_FILE = TouristCheckerTests/Info.plist;
				LD_RUNPATH_SEARCH_PATHS = "$(inherited) @executable_path/Frameworks @loader_path/Frameworks";
				PRODUCT_NAME = "$(TARGET_NAME)";
				TEST_HOST = "$(BUILT_PRODUCTS_DIR)/TouristChecker.app/TouristChecker";
			};
			name = Release;
		};
/* End XCBuildConfiguration section */

/* Begin XCConfigurationList section */
		E3F328131B8226010090F8E8 /* Build configuration list for PBXProject "TouristChecker" */ = {
			isa = XCConfigurationList;
			buildConfigurations = (
				E3F3283C1B8226010090F8E8 /* Debug */,
				E3F3283D1B8226010090F8E8 /* Release */,
			);
			defaultConfigurationIsVisible = 0;
			defaultConfigurationName = Release;
		};
		E3F3283E1B8226010090F8E8 /* Build configuration list for PBXNativeTarget "TouristChecker" */ = {
			isa = XCConfigurationList;
			buildConfigurations = (
				E3F3283F1B8226010090F8E8 /* Debug */,
				E3F328401B8226010090F8E8 /* Release */,
			);
			defaultConfigurationIsVisible = 0;
			defaultConfigurationName = Release;
		};
		E3F328411B8226010090F8E8 /* Build configuration list for PBXNativeTarget "TouristCheckerTests" */ = {
			isa = XCConfigurationList;
			buildConfigurations = (
				E3F328421B8226010090F8E8 /* Debug */,
				E3F328431B8226010090F8E8 /* Release */,
			);
			defaultConfigurationIsVisible = 0;
			defaultConfigurationName = Release;
		};
/* End XCConfigurationList section */

/* Begin XCVersionGroup section */
		E3F328221B8226010090F8E8 /* TouristChecker.xcdatamodeld */ = {
			isa = XCVersionGroup;
			children = (
				E3F328231B8226010090F8E8 /* TouristChecker.xcdatamodel */,
			);
			currentVersion = E3F328231B8226010090F8E8 /* TouristChecker.xcdatamodel */;
			path = TouristChecker.xcdatamodeld;
			sourceTree = "<group>";
			versionGroupType = wrapper.xcdatamodel;
		};
/* End XCVersionGroup section */
	};
	rootObject = E3F328101B8226010090F8E8 /* Project object */;
}
